
Microsoft Visual Studio Solution File, Format Version 12.00
# Visual Studio Version 17
VisualStudioVersion = 17.5.2.0
MinimumVisualStudioVersion = 10.0.40219.1
Project("{FAE04EC0-301F-11D3-BF4B-00C04F79EFBC}") = "serverside", "serverside\serverside.csproj", "{54E06A78-6AAA-DE58-6348-839E3B381A84}"
EndProject
Project("{FAE04EC0-301F-11D3-BF4B-00C04F79EFBC}") = "serverside.Tests", "serverside.Tests\serverside.Tests.csproj", "{ED4C1299-1EB3-47F4-A53D-12F9DCA682AB}"
EndProject
Global
	GlobalSection(SolutionConfigurationPlatforms) = preSolution
		Debug|Any CPU = Debug|Any CPU
		Debug|x64 = Debug|x64
		Debug|x86 = Debug|x86
		Release|Any CPU = Release|Any CPU
		Release|x64 = Release|x64
		Release|x86 = Release|x86
	EndGlobalSection
	GlobalSection(ProjectConfigurationPlatforms) = postSolution
		{54E06A78-6AAA-DE58-6348-839E3B381A84}.Debug|Any CPU.ActiveCfg = Debug|Any CPU
		{54E06A78-6AAA-DE58-6348-839E3B381A84}.Debug|Any CPU.Build.0 = Debug|Any CPU
		{54E06A78-6AAA-DE58-6348-839E3B381A84}.Debug|x64.ActiveCfg = Debug|Any CPU
		{54E06A78-6AAA-DE58-6348-839E3B381A84}.Debug|x64.Build.0 = Debug|Any CPU
		{54E06A78-6AAA-DE58-6348-839E3B381A84}.Debug|x86.ActiveCfg = Debug|Any CPU
		{54E06A78-6AAA-DE58-6348-839E3B381A84}.Debug|x86.Build.0 = Debug|Any CPU
		{54E06A78-6AAA-DE58-6348-839E3B381A84}.Release|Any CPU.ActiveCfg = Release|Any CPU
		{54E06A78-6AAA-DE58-6348-839E3B381A84}.Release|Any CPU.Build.0 = Release|Any CPU
		{54E06A78-6AAA-DE58-6348-839E3B381A84}.Release|x64.ActiveCfg = Release|Any CPU
		{54E06A78-6AAA-DE58-6348-839E3B381A84}.Release|x64.Build.0 = Release|Any CPU
		{54E06A78-6AAA-DE58-6348-839E3B381A84}.Release|x86.ActiveCfg = Release|Any CPU
		{54E06A78-6AAA-DE58-6348-839E3B381A84}.Release|x86.Build.0 = Release|Any CPU
		{ED4C1299-1EB3-47F4-A53D-12F9DCA682AB}.Debug|Any CPU.ActiveCfg = Debug|Any CPU
		{ED4C1299-1EB3-47F4-A53D-12F9DCA682AB}.Debug|Any CPU.Build.0 = Debug|Any CPU
		{ED4C1299-1EB3-47F4-A53D-12F9DCA682AB}.Debug|x64.ActiveCfg = Debug|Any CPU
		{ED4C1299-1EB3-47F4-A53D-12F9DCA682AB}.Debug|x64.Build.0 = Debug|Any CPU
		{ED4C1299-1EB3-47F4-A53D-12F9DCA682AB}.Debug|x86.ActiveCfg = Debug|Any CPU
		{ED4C1299-1EB3-47F4-A53D-12F9DCA682AB}.Debug|x86.Build.0 = Debug|Any CPU
		{ED4C1299-1EB3-47F4-A53D-12F9DCA682AB}.Release|Any CPU.ActiveCfg = Release|Any CPU
		{ED4C1299-1EB3-47F4-A53D-12F9DCA682AB}.Release|Any CPU.Build.0 = Release|Any CPU
		{ED4C1299-1EB3-47F4-A53D-12F9DCA682AB}.Release|x64.ActiveCfg = Release|Any CPU
		{ED4C1299-1EB3-47F4-A53D-12F9DCA682AB}.Release|x64.Build.0 = Release|Any CPU
		{ED4C1299-1EB3-47F4-A53D-12F9DCA682AB}.Release|x86.ActiveCfg = Release|Any CPU
		{ED4C1299-1EB3-47F4-A53D-12F9DCA682AB}.Release|x86.Build.0 = Release|Any CPU
	EndGlobalSection
	GlobalSection(SolutionProperties) = preSolution
		HideSolutionNode = FALSE
	EndGlobalSection
	GlobalSection(ExtensibilityGlobals) = postSolution
		SolutionGuid = {1204EF82-3921-40E5-9CF8-E819CB7408BF}
	EndGlobalSection
EndGlobal
